
Microsoft Visual Studio Solution File, Format Version 12.00
# Visual Studio 15
VisualStudioVersion = 15.0.26124.0
MinimumVisualStudioVersion = 15.0.26124.0
Project("{FAE04EC0-301F-11D3-BF4B-00C04F79EFBC}") = "ProEventos.API", "ProEventos.API\ProEventos.API.csproj", "{6A358C7F-A8BB-478D-A15F-FB09F0D6F2C1}"
EndProject
Project("{FAE04EC0-301F-11D3-BF4B-00C04F79EFBC}") = "ProEventos.Application", "ProEventos.Application\ProEventos.Application.csproj", "{91CF7BD0-7F9A-4A8F-BB1B-EB528D82D874}"
EndProject
Project("{FAE04EC0-301F-11D3-BF4B-00C04F79EFBC}") = "ProEventos.Persistence", "ProEventos.Persistence\ProEventos.Persistence.csproj", "{0ADEB09A-A8D6-401E-9876-722FEC9C532B}"
EndProject
Project("{FAE04EC0-301F-11D3-BF4B-00C04F79EFBC}") = "ProEventos.Domain", "ProEventos.Domain\ProEventos.Domain.csproj", "{17656CC3-3339-47CF-88C4-36F8A5A58C21}"
EndProject
Global
	GlobalSection(SolutionConfigurationPlatforms) = preSolution
		Debug|Any CPU = Debug|Any CPU
		Debug|x64 = Debug|x64
		Debug|x86 = Debug|x86
		Release|Any CPU = Release|Any CPU
		Release|x64 = Release|x64
		Release|x86 = Release|x86
	EndGlobalSection
	GlobalSection(SolutionProperties) = preSolution
		HideSolutionNode = FALSE
	EndGlobalSection
	GlobalSection(ProjectConfigurationPlatforms) = postSolution
		{6A358C7F-A8BB-478D-A15F-FB09F0D6F2C1}.Debug|Any CPU.ActiveCfg = Debug|Any CPU
		{6A358C7F-A8BB-478D-A15F-FB09F0D6F2C1}.Debug|Any CPU.Build.0 = Debug|Any CPU
		{6A358C7F-A8BB-478D-A15F-FB09F0D6F2C1}.Debug|x64.ActiveCfg = Debug|Any CPU
		{6A358C7F-A8BB-478D-A15F-FB09F0D6F2C1}.Debug|x64.Build.0 = Debug|Any CPU
		{6A358C7F-A8BB-478D-A15F-FB09F0D6F2C1}.Debug|x86.ActiveCfg = Debug|Any CPU
		{6A358C7F-A8BB-478D-A15F-FB09F0D6F2C1}.Debug|x86.Build.0 = Debug|Any CPU
		{6A358C7F-A8BB-478D-A15F-FB09F0D6F2C1}.Release|Any CPU.ActiveCfg = Release|Any CPU
		{6A358C7F-A8BB-478D-A15F-FB09F0D6F2C1}.Release|Any CPU.Build.0 = Release|Any CPU
		{6A358C7F-A8BB-478D-A15F-FB09F0D6F2C1}.Release|x64.ActiveCfg = Release|Any CPU
		{6A358C7F-A8BB-478D-A15F-FB09F0D6F2C1}.Release|x64.Build.0 = Release|Any CPU
		{6A358C7F-A8BB-478D-A15F-FB09F0D6F2C1}.Release|x86.ActiveCfg = Release|Any CPU
		{6A358C7F-A8BB-478D-A15F-FB09F0D6F2C1}.Release|x86.Build.0 = Release|Any CPU
		{91CF7BD0-7F9A-4A8F-BB1B-EB528D82D874}.Debug|Any CPU.ActiveCfg = Debug|Any CPU
		{91CF7BD0-7F9A-4A8F-BB1B-EB528D82D874}.Debug|Any CPU.Build.0 = Debug|Any CPU
		{91CF7BD0-7F9A-4A8F-BB1B-EB528D82D874}.Debug|x64.ActiveCfg = Debug|Any CPU
		{91CF7BD0-7F9A-4A8F-BB1B-EB528D82D874}.Debug|x64.Build.0 = Debug|Any CPU
		{91CF7BD0-7F9A-4A8F-BB1B-EB528D82D874}.Debug|x86.ActiveCfg = Debug|Any CPU
		{91CF7BD0-7F9A-4A8F-BB1B-EB528D82D874}.Debug|x86.Build.0 = Debug|Any CPU
		{91CF7BD0-7F9A-4A8F-BB1B-EB528D82D874}.Release|Any CPU.ActiveCfg = Release|Any CPU
		{91CF7BD0-7F9A-4A8F-BB1B-EB528D82D874}.Release|Any CPU.Build.0 = Release|Any CPU
		{91CF7BD0-7F9A-4A8F-BB1B-EB528D82D874}.Release|x64.ActiveCfg = Release|Any CPU
		{91CF7BD0-7F9A-4A8F-BB1B-EB528D82D874}.Release|x64.Build.0 = Release|Any CPU
		{91CF7BD0-7F9A-4A8F-BB1B-EB528D82D874}.Release|x86.ActiveCfg = Release|Any CPU
		{91CF7BD0-7F9A-4A8F-BB1B-EB528D82D874}.Release|x86.Build.0 = Release|Any CPU
		{0ADEB09A-A8D6-401E-9876-722FEC9C532B}.Debug|Any CPU.ActiveCfg = Debug|Any CPU
		{0ADEB09A-A8D6-401E-9876-722FEC9C532B}.Debug|Any CPU.Build.0 = Debug|Any CPU
		{0ADEB09A-A8D6-401E-9876-722FEC9C532B}.Debug|x64.ActiveCfg = Debug|Any CPU
		{0ADEB09A-A8D6-401E-9876-722FEC9C532B}.Debug|x64.Build.0 = Debug|Any CPU
		{0ADEB09A-A8D6-401E-9876-722FEC9C532B}.Debug|x86.ActiveCfg = Debug|Any CPU
		{0ADEB09A-A8D6-401E-9876-722FEC9C532B}.Debug|x86.Build.0 = Debug|Any CPU
		{0ADEB09A-A8D6-401E-9876-722FEC9C532B}.Release|Any CPU.ActiveCfg = Release|Any CPU
		{0ADEB09A-A8D6-401E-9876-722FEC9C532B}.Release|Any CPU.Build.0 = Release|Any CPU
		{0ADEB09A-A8D6-401E-9876-722FEC9C532B}.Release|x64.ActiveCfg = Release|Any CPU
		{0ADEB09A-A8D6-401E-9876-722FEC9C532B}.Release|x64.Build.0 = Release|Any CPU
		{0ADEB09A-A8D6-401E-9876-722FEC9C532B}.Release|x86.ActiveCfg = Release|Any CPU
		{0ADEB09A-A8D6-401E-9876-722FEC9C532B}.Release|x86.Build.0 = Release|Any CPU
		{17656CC3-3339-47CF-88C4-36F8A5A58C21}.Debug|Any CPU.ActiveCfg = Debug|Any CPU
		{17656CC3-3339-47CF-88C4-36F8A5A58C21}.Debug|Any CPU.Build.0 = Debug|Any CPU
		{17656CC3-3339-47CF-88C4-36F8A5A58C21}.Debug|x64.ActiveCfg = Debug|Any CPU
		{17656CC3-3339-47CF-88C4-36F8A5A58C21}.Debug|x64.Build.0 = Debug|Any CPU
		{17656CC3-3339-47CF-88C4-36F8A5A58C21}.Debug|x86.ActiveCfg = Debug|Any CPU
		{17656CC3-3339-47CF-88C4-36F8A5A58C21}.Debug|x86.Build.0 = Debug|Any CPU
		{17656CC3-3339-47CF-88C4-36F8A5A58C21}.Release|Any CPU.ActiveCfg = Release|Any CPU
		{17656CC3-3339-47CF-88C4-36F8A5A58C21}.Release|Any CPU.Build.0 = Release|Any CPU
		{17656CC3-3339-47CF-88C4-36F8A5A58C21}.Release|x64.ActiveCfg = Release|Any CPU
		{17656CC3-3339-47CF-88C4-36F8A5A58C21}.Release|x64.Build.0 = Release|Any CPU
		{17656CC3-3339-47CF-88C4-36F8A5A58C21}.Release|x86.ActiveCfg = Release|Any CPU
		{17656CC3-3339-47CF-88C4-36F8A5A58C21}.Release|x86.Build.0 = Release|Any CPU
	EndGlobalSection
EndGlobal
